<?xml version="1.0" encoding="utf-8"?>
<Project ToolsVersion="4.0" xmlns="http://schemas.microsoft.com/developer/msbuild/2003">
  <ItemGroup>
    <Filter Include="소스 파일">
      <UniqueIdentifier>{4FC737F1-C7A5-4376-A066-2A32D752A2FF}</UniqueIdentifier>
      <Extensions>cpp;c;cc;cxx;def;odl;idl;hpj;bat;asm;asmx</Extensions>
    </Filter>
    <Filter Include="헤더 파일">
      <UniqueIdentifier>{93995380-89BD-4b04-88EB-625FBE52EBFB}</UniqueIdentifier>
      <Extensions>h;hh;hpp;hxx;hm;inl;inc;ipp;xsd</Extensions>
    </Filter>
    <Filter Include="리소스 파일">
      <UniqueIdentifier>{67DA6AB6-F800-4c08-8B7A-83BB121AAD01}</UniqueIdentifier>
      <Extensions>rc;ico;cur;bmp;dlg;rc2;rct;bin;rgs;gif;jpg;jpeg;jpe;resx;tiff;tif;png;wav;mfcribbon-ms</Extensions>
    </Filter>
  </ItemGroup>
  <ItemGroup>
    <ClCompile Include="1978.cpp">
      <Filter>소스 파일</Filter>
    </ClCompile>
    <ClCompile Include="2581.cpp">
      <Filter>소스 파일</Filter>
    </ClCompile>
    <ClCompile Include="11653.cpp">
      <Filter>소스 파일</Filter>
    </ClCompile>
    <ClCompile Include="1929.cpp">
      <Filter>소스 파일</Filter>
    </ClCompile>
    <ClCompile Include="4948.cpp">
      <Filter>소스 파일</Filter>
    </ClCompile>
    <ClCompile Include="9020.cpp">
      <Filter>소스 파일</Filter>
    </ClCompile>
    <ClCompile Include="1085.cpp">
      <Filter>소스 파일</Filter>
    </ClCompile>
    <ClCompile Include="3009.cpp">
      <Filter>소스 파일</Filter>
    </ClCompile>
    <ClCompile Include="4153.cpp">
      <Filter>소스 파일</Filter>
    </ClCompile>
    <ClCompile Include="25083.cpp">
      <Filter>소스 파일</Filter>
    </ClCompile>
    <ClCompile Include="10872.cpp">
      <Filter>소스 파일</Filter>
    </ClCompile>
    <ClCompile Include="10870.cpp">
      <Filter>소스 파일</Filter>
    </ClCompile>
    <ClCompile Include="17478.cpp">
      <Filter>소스 파일</Filter>
    </ClCompile>
    <ClCompile Include="2525.cpp">
      <Filter>소스 파일</Filter>
    </ClCompile>
    <ClCompile Include="2480.cpp">
      <Filter>소스 파일</Filter>
    </ClCompile>
    <ClCompile Include="2798.cpp">
      <Filter>소스 파일</Filter>
    </ClCompile>
    <ClCompile Include="7568.cpp">
      <Filter>소스 파일</Filter>
    </ClCompile>
    <ClCompile Include="1436.cpp">
      <Filter>소스 파일</Filter>
    </ClCompile>
    <ClCompile Include="2231.cpp">
      <Filter>소스 파일</Filter>
    </ClCompile>
    <ClCompile Include="1018.cpp">
      <Filter>소스 파일</Filter>
    </ClCompile>
    <ClCompile Include="2750.cpp">
      <Filter>소스 파일</Filter>
    </ClCompile>
    <ClCompile Include="2751.cpp">
      <Filter>소스 파일</Filter>
    </ClCompile>
    <ClCompile Include="10989.cpp">
      <Filter>소스 파일</Filter>
    </ClCompile>
    <ClCompile Include="2108.cpp">
      <Filter>소스 파일</Filter>
    </ClCompile>
    <ClCompile Include="1427.cpp">
      <Filter>소스 파일</Filter>
    </ClCompile>
    <ClCompile Include="11650.cpp">
      <Filter>소스 파일</Filter>
    </ClCompile>
    <ClCompile Include="11651.cpp">
      <Filter>소스 파일</Filter>
    </ClCompile>
    <ClCompile Include="1181.cpp">
      <Filter>소스 파일</Filter>
    </ClCompile>
    <ClCompile Include="10814.cpp">
      <Filter>소스 파일</Filter>
    </ClCompile>
    <ClCompile Include="18870.cpp">
      <Filter>소스 파일</Filter>
    </ClCompile>
    <ClCompile Include="10815.cpp">
      <Filter>소스 파일</Filter>
    </ClCompile>
    <ClCompile Include="14425.cpp">
      <Filter>소스 파일</Filter>
    </ClCompile>
    <ClCompile Include="1620.cpp">
      <Filter>소스 파일</Filter>
    </ClCompile>
    <ClCompile Include="10816.cpp">
      <Filter>소스 파일</Filter>
    </ClCompile>
    <ClCompile Include="1764.cpp">
      <Filter>소스 파일</Filter>
    </ClCompile>
    <ClCompile Include="1269.cpp">
      <Filter>소스 파일</Filter>
    </ClCompile>
    <ClCompile Include="11478.cpp">
      <Filter>소스 파일</Filter>
    </ClCompile>
    <ClCompile Include="2477.cpp">
      <Filter>소스 파일</Filter>
    </ClCompile>
    <ClCompile Include="3053.cpp">
      <Filter>소스 파일</Filter>
    </ClCompile>
    <ClCompile Include="1358.cpp">
      <Filter>소스 파일</Filter>
    </ClCompile>
    <ClCompile Include="5086.cpp">
      <Filter>소스 파일</Filter>
    </ClCompile>
    <ClCompile Include="1037.cpp">
      <Filter>소스 파일</Filter>
    </ClCompile>
    <ClCompile Include="1934.cpp">
      <Filter>소스 파일</Filter>
    </ClCompile>
    <ClCompile Include="2609.cpp">
      <Filter>소스 파일</Filter>
    </ClCompile>
    <ClCompile Include="3036.cpp">
      <Filter>소스 파일</Filter>
    </ClCompile>
    <ClCompile Include="2981.cpp">
      <Filter>소스 파일</Filter>
    </ClCompile>
    <ClCompile Include="11050.cpp">
      <Filter>소스 파일</Filter>
    </ClCompile>
    <ClCompile Include="11051.cpp">
      <Filter>소스 파일</Filter>
    </ClCompile>
    <ClCompile Include="1010.cpp">
      <Filter>소스 파일</Filter>
    </ClCompile>
    <ClCompile Include="24416.cpp">
      <Filter>소스 파일</Filter>
    </ClCompile>
    <ClCompile Include="1676.cpp">
      <Filter>소스 파일</Filter>
    </ClCompile>
    <ClCompile Include="2004.cpp">
      <Filter>소스 파일</Filter>
    </ClCompile>
    <ClCompile Include="11659.cpp">
      <Filter>소스 파일</Filter>
    </ClCompile>
    <ClCompile Include="2559.cpp">
      <Filter>소스 파일</Filter>
    </ClCompile>
    <ClCompile Include="16139.cpp">
      <Filter>소스 파일</Filter>
    </ClCompile>
    <ClCompile Include="9375.cpp">
      <Filter>소스 파일</Filter>
    </ClCompile>
    <ClCompile Include="11399.cpp">
      <Filter>소스 파일</Filter>
    </ClCompile>
    <ClCompile Include="3003.cpp">
      <Filter>소스 파일</Filter>
    </ClCompile>
    <ClCompile Include="25304.cpp">
      <Filter>소스 파일</Filter>
    </ClCompile>
    <ClCompile Include="25305.cpp">
      <Filter>소스 파일</Filter>
    </ClCompile>
    <ClCompile Include="11047.cpp">
      <Filter>소스 파일</Filter>
    </ClCompile>
    <ClCompile Include="1931.cpp">
      <Filter>소스 파일</Filter>
    </ClCompile>
    <ClCompile Include="1541.cpp">
      <Filter>소스 파일</Filter>
    </ClCompile>
    <ClCompile Include="13305.cpp">
      <Filter>소스 파일</Filter>
    </ClCompile>
    <ClCompile Include="10986.cpp">
      <Filter>소스 파일</Filter>
    </ClCompile>
    <ClCompile Include="11660.cpp">
      <Filter>소스 파일</Filter>
    </ClCompile>
    <ClCompile Include="2309.cpp">
      <Filter>소스 파일</Filter>
    </ClCompile>
    <ClCompile Include="1026.cpp">
      <Filter>소스 파일</Filter>
    </ClCompile>
    <ClCompile Include="2864.cpp">
      <Filter>소스 파일</Filter>
    </ClCompile>
    <ClCompile Include="1991.cpp">
      <Filter>소스 파일</Filter>
    </ClCompile>
    <ClCompile Include="1904.cpp">
      <Filter>소스 파일</Filter>
    </ClCompile>
    <ClCompile Include="9461.cpp">
      <Filter>소스 파일</Filter>
    </ClCompile>
    <ClCompile Include="18258.cpp">
      <Filter>소스 파일</Filter>
    </ClCompile>
    <ClCompile Include="1932.cpp">
      <Filter>소스 파일</Filter>
    </ClCompile>
    <ClCompile Include="1149.cpp">
      <Filter>소스 파일</Filter>
    </ClCompile>
    <ClCompile Include="5585.cpp">
      <Filter>소스 파일</Filter>
    </ClCompile>
    <ClCompile Include="9184.cpp">
      <Filter>소스 파일</Filter>
    </ClCompile>
    <ClCompile Include="2217.cpp">
      <Filter>소스 파일</Filter>
    </ClCompile>
    <ClCompile Include="1912.cpp">
      <Filter>소스 파일</Filter>
    </ClCompile>
    <ClCompile Include="2752.cpp">
      <Filter>소스 파일</Filter>
    </ClCompile>
    <ClCompile Include="1789.cpp">
      <Filter>소스 파일</Filter>
    </ClCompile>
    <ClCompile Include="11004.cpp">
      <Filter>소스 파일</Filter>
    </ClCompile>
    <ClCompile Include="11728.cpp">
      <Filter>소스 파일</Filter>
    </ClCompile>
    <ClCompile Include="10867.cpp">
      <Filter>소스 파일</Filter>
    </ClCompile>
    <ClCompile Include="11652.cpp">
      <Filter>소스 파일</Filter>
    </ClCompile>
    <ClCompile Include="11729.cpp">
      <Filter>소스 파일</Filter>
    </ClCompile>
    <ClCompile Include="2164.cpp">
      <Filter>소스 파일</Filter>
    </ClCompile>
    <ClCompile Include="11866.cpp">
      <Filter>소스 파일</Filter>
    </ClCompile>
    <ClCompile Include="1966.cpp">
      <Filter>소스 파일</Filter>
    </ClCompile>
    <ClCompile Include="10866.cpp">
      <Filter>소스 파일</Filter>
    </ClCompile>
    <ClCompile Include="1021.cpp">
      <Filter>소스 파일</Filter>
    </ClCompile>
    <ClCompile Include="5430.cpp">
      <Filter>소스 파일</Filter>
    </ClCompile>
    <ClCompile Include="10828.cpp">
      <Filter>소스 파일</Filter>
    </ClCompile>
    <ClCompile Include="10773.cpp">
      <Filter>소스 파일</Filter>
    </ClCompile>
    <ClCompile Include="9012.cpp">
      <Filter>소스 파일</Filter>
    </ClCompile>
    <ClCompile Include="4949.cpp">
      <Filter>소스 파일</Filter>
    </ClCompile>
    <ClCompile Include="1874.cpp">
      <Filter>소스 파일</Filter>
    </ClCompile>
    <ClCompile Include="17298.cpp">
      <Filter>소스 파일</Filter>
    </ClCompile>
    <ClCompile Include="2579.cpp">
      <Filter>소스 파일</Filter>
    </ClCompile>
    <ClCompile Include="1463.cpp">
      <Filter>소스 파일</Filter>
    </ClCompile>
    <ClCompile Include="10844.cpp">
      <Filter>소스 파일</Filter>
    </ClCompile>
    <ClCompile Include="1920.cpp">
      <Filter>소스 파일</Filter>
    </ClCompile>
    <ClCompile Include="2156.cpp">
      <Filter>소스 파일</Filter>
    </ClCompile>
    <ClCompile Include="1302.cpp">
      <Filter>소스 파일</Filter>
    </ClCompile>
    <ClCompile Include="11656.cpp">
      <Filter>소스 파일</Filter>
    </ClCompile>
    <ClCompile Include="2822.cpp">
      <Filter>소스 파일</Filter>
    </ClCompile>
    <ClCompile Include="11053.cpp">
      <Filter>소스 파일</Filter>
    </ClCompile>
    <ClCompile Include="11054.cpp">
      <Filter>소스 파일</Filter>
    </ClCompile>
    <ClCompile Include="2565.cpp">
      <Filter>소스 파일</Filter>
    </ClCompile>
    <ClCompile Include="25501.cpp">
      <Filter>소스 파일</Filter>
    </ClCompile>
    <ClCompile Include="10817.cpp">
      <Filter>소스 파일</Filter>
    </ClCompile>
    <ClCompile Include="24060.cpp">
      <Filter>소스 파일</Filter>
    </ClCompile>
    <ClCompile Include="10825.cpp">
      <Filter>소스 파일</Filter>
    </ClCompile>
    <ClCompile Include="11279.cpp">
      <Filter>소스 파일</Filter>
    </ClCompile>
    <ClCompile Include="1655.cpp">
      <Filter>소스 파일</Filter>
    </ClCompile>
    <ClCompile Include="11286.cpp">
      <Filter>소스 파일</Filter>
    </ClCompile>
    <ClCompile Include="1927.cpp">
      <Filter>소스 파일</Filter>
    </ClCompile>
    <ClCompile Include="17413.cpp">
      <Filter>소스 파일</Filter>
    </ClCompile>
    <ClCompile Include="2693.cpp">
      <Filter>소스 파일</Filter>
    </ClCompile>
    <ClCompile Include="10845.cpp">
      <Filter>소스 파일</Filter>
    </ClCompile>
    <ClCompile Include="5576.cpp">
      <Filter>소스 파일</Filter>
    </ClCompile>
    <ClCompile Include="9076.cpp">
      <Filter>소스 파일</Filter>
    </ClCompile>
    <ClCompile Include="17219.cpp">
      <Filter>소스 파일</Filter>
    </ClCompile>
    <ClCompile Include="2630.cpp">
      <Filter>소스 파일</Filter>
    </ClCompile>
    <ClCompile Include="1992.cpp">
      <Filter>소스 파일</Filter>
    </ClCompile>
    <ClCompile Include="1780.cpp">
      <Filter>소스 파일</Filter>
    </ClCompile>
    <ClCompile Include="1629.cpp">
      <Filter>소스 파일</Filter>
    </ClCompile>
    <ClCompile Include="2161.cpp">
      <Filter>소스 파일</Filter>
    </ClCompile>
    <ClCompile Include="11721.cpp">
      <Filter>소스 파일</Filter>
    </ClCompile>
    <ClCompile Include="1120.cpp">
      <Filter>소스 파일</Filter>
    </ClCompile>
    <ClCompile Include="1439.cpp">
      <Filter>소스 파일</Filter>
    </ClCompile>
    <ClCompile Include="17608.cpp">
      <Filter>소스 파일</Filter>
    </ClCompile>
    <ClCompile Include="9251.cpp">
      <Filter>소스 파일</Filter>
    </ClCompile>
    <ClCompile Include="11441.cpp">
      <Filter>소스 파일</Filter>
    </ClCompile>
    <ClCompile Include="5525.cpp">
      <Filter>소스 파일</Filter>
    </ClCompile>
    <ClCompile Include="10953.cpp">
      <Filter>소스 파일</Filter>
    </ClCompile>
    <ClCompile Include="1259.cpp">
      <Filter>소스 파일</Filter>
    </ClCompile>
    <ClCompile Include="10808.cpp">
      <Filter>소스 파일</Filter>
    </ClCompile>
    <ClCompile Include="11931.cpp">
      <Filter>소스 파일</Filter>
    </ClCompile>
    <ClCompile Include="5635.cpp">
      <Filter>소스 파일</Filter>
    </ClCompile>
    <ClCompile Include="12865.cpp">
      <Filter>소스 파일</Filter>
    </ClCompile>
    <ClCompile Include="9237.cpp">
      <Filter>소스 파일</Filter>
    </ClCompile>
    <ClCompile Include="15688.cpp">
      <Filter>소스 파일</Filter>
    </ClCompile>
    <ClCompile Include="5800.cpp">
      <Filter>소스 파일</Filter>
    </ClCompile>
    <ClCompile Include="10807.cpp">
      <Filter>소스 파일</Filter>
    </ClCompile>
    <ClCompile Include="5597.cpp">
      <Filter>소스 파일</Filter>
    </ClCompile>
    <ClCompile Include="2738.cpp">
      <Filter>소스 파일</Filter>
    </ClCompile>
    <ClCompile Include="2566.cpp">
      <Filter>소스 파일</Filter>
    </ClCompile>
    <ClCompile Include="2563.cpp">
      <Filter>소스 파일</Filter>
    </ClCompile>
    <ClCompile Include="2587.cpp">
      <Filter>소스 파일</Filter>
    </ClCompile>
    <ClCompile Include="15828.cpp">
      <Filter>소스 파일</Filter>
    </ClCompile>
    <ClCompile Include="9095.cpp">
      <Filter>소스 파일</Filter>
    </ClCompile>
    <ClCompile Include="9933.cpp">
      <Filter>소스 파일</Filter>
    </ClCompile>
    <ClCompile Include="11557.cpp">
      <Filter>소스 파일</Filter>
    </ClCompile>
    <ClCompile Include="2293.cpp">
      <Filter>소스 파일</Filter>
    </ClCompile>
    <ClCompile Include="11726.cpp">
      <Filter>소스 파일</Filter>
    </ClCompile>
    <ClCompile Include="2748.cpp">
      <Filter>소스 파일</Filter>
    </ClCompile>
    <ClCompile Include="11727.cpp">
      <Filter>소스 파일</Filter>
    </ClCompile>
    <ClCompile Include="25682.cpp">
      <Filter>소스 파일</Filter>
    </ClCompile>
    <ClCompile Include="2447.cpp">
      <Filter>소스 파일</Filter>
    </ClCompile>
    <ClCompile Include="1654.cpp">
      <Filter>소스 파일</Filter>
    </ClCompile>
    <ClCompile Include="2805.cpp">
      <Filter>소스 파일</Filter>
    </ClCompile>
    <ClCompile Include="14501.cpp">
      <Filter>소스 파일</Filter>
    </ClCompile>
    <ClCompile Include="2193.cpp">
      <Filter>소스 파일</Filter>
    </ClCompile>
    <ClCompile Include="2110.cpp">
      <Filter>소스 파일</Filter>
    </ClCompile>
    <ClCompile Include="7785.cpp">
      <Filter>소스 파일</Filter>
    </ClCompile>
    <ClCompile Include="2743.cpp">
      <Filter>소스 파일</Filter>
    </ClCompile>
    <ClCompile Include="1300.cpp">
      <Filter>소스 파일</Filter>
    </ClCompile>
    <ClCompile Include="15649.cpp">
      <Filter>소스 파일</Filter>
    </ClCompile>
    <ClCompile Include="15650.cpp">
      <Filter>소스 파일</Filter>
    </ClCompile>
    <ClCompile Include="2740.cpp">
      <Filter>소스 파일</Filter>
    </ClCompile>
    <ClCompile Include="15651.cpp">
      <Filter>소스 파일</Filter>
    </ClCompile>
    <ClCompile Include="15652.cpp">
      <Filter>소스 파일</Filter>
    </ClCompile>
    <ClCompile Include="9663.cpp">
      <Filter>소스 파일</Filter>
    </ClCompile>
    <ClCompile Include="14888.cpp">
      <Filter>소스 파일</Filter>
    </ClCompile>
    <ClCompile Include="2558.cpp">
      <Filter>소스 파일</Filter>
    </ClCompile>
    <ClCompile Include="2440.cpp">
      <Filter>소스 파일</Filter>
    </ClCompile>
    <ClCompile Include="2441.cpp">
      <Filter>소스 파일</Filter>
    </ClCompile>
    <ClCompile Include="14889.cpp">
      <Filter>소스 파일</Filter>
    </ClCompile>
    <ClCompile Include="2580.cpp">
      <Filter>소스 파일</Filter>
    </ClCompile>
    <ClCompile Include="10830.cpp">
      <Filter>소스 파일</Filter>
    </ClCompile>
    <ClCompile Include="11718.cpp">
      <Filter>소스 파일</Filter>
    </ClCompile>
    <ClCompile Include="11719.cpp">
      <Filter>소스 파일</Filter>
    </ClCompile>
    <ClCompile Include="2744.cpp">
      <Filter>소스 파일</Filter>
    </ClCompile>
    <ClCompile Include="10988.cpp">
      <Filter>소스 파일</Filter>
    </ClCompile>
    <ClCompile Include="1969.cpp">
      <Filter>소스 파일</Filter>
    </ClCompile>
    <ClCompile Include="11401.cpp">
      <Filter>소스 파일</Filter>
    </ClCompile>
    <ClCompile Include="11444.cpp">
      <Filter>소스 파일</Filter>
    </ClCompile>
    <ClCompile Include="9093.cpp">
      <Filter>소스 파일</Filter>
    </ClCompile>
    <ClCompile Include="2902.cpp">
      <Filter>소스 파일</Filter>
    </ClCompile>
    <ClCompile Include="3059.cpp">
      <Filter>소스 파일</Filter>
    </ClCompile>
    <ClCompile Include="14490.cpp">
      <Filter>소스 파일</Filter>
    </ClCompile>
    <ClCompile Include="9086.cpp">
      <Filter>소스 파일</Filter>
    </ClCompile>
    <ClCompile Include="1769.cpp">
      <Filter>소스 파일</Filter>
    </ClCompile>
    <ClCompile Include="11365.cpp">
      <Filter>소스 파일</Filter>
    </ClCompile>
    <ClCompile Include="1357.cpp">
      <Filter>소스 파일</Filter>
    </ClCompile>
    <ClCompile Include="6549.cpp">
      <Filter>소스 파일</Filter>
    </ClCompile>
    <ClCompile Include="23757.cpp">
      <Filter>소스 파일</Filter>
    </ClCompile>
    <ClCompile Include="2606.cpp">
      <Filter>소스 파일</Filter>
    </ClCompile>
    <ClCompile Include="1260.cpp">
      <Filter>소스 파일</Filter>
    </ClCompile>
    <ClCompile Include="1264.cpp">
      <Filter>소스 파일</Filter>
    </ClCompile>
    <ClCompile Include="2935.cpp">
      <Filter>소스 파일</Filter>
    </ClCompile>
    <ClCompile Include="24479.cpp">
      <Filter>소스 파일</Filter>
    </ClCompile>
    <ClCompile Include="24480.cpp">
      <Filter>소스 파일</Filter>
    </ClCompile>
    <ClCompile Include="24444.cpp">
      <Filter>소스 파일</Filter>
    </ClCompile>
    <ClCompile Include="24445.cpp">
      <Filter>소스 파일</Filter>
    </ClCompile>
    <ClCompile Include="2667.cpp">
      <Filter>소스 파일</Filter>
    </ClCompile>
    <ClCompile Include="1475.cpp">
      <Filter>소스 파일</Filter>
    </ClCompile>
    <ClCompile Include="1012.cpp">
      <Filter>소스 파일</Filter>
    </ClCompile>
    <ClCompile Include="2178.cpp">
      <Filter>소스 파일</Filter>
    </ClCompile>
    <ClCompile Include="10824.cpp">
      <Filter>소스 파일</Filter>
    </ClCompile>
    <ClCompile Include="10820.cpp">
      <Filter>소스 파일</Filter>
    </ClCompile>
    <ClCompile Include="1919.cpp">
      <Filter>소스 파일</Filter>
    </ClCompile>
    <ClCompile Include="10102.cpp">
      <Filter>소스 파일</Filter>
    </ClCompile>
    <ClCompile Include="1697.cpp">
      <Filter>소스 파일</Filter>
    </ClCompile>
    <ClCompile Include="7567.cpp">
      <Filter>소스 파일</Filter>
    </ClCompile>
    <ClCompile Include="7562.cpp">
      <Filter>소스 파일</Filter>
    </ClCompile>
    <ClCompile Include="7576.cpp">
      <Filter>소스 파일</Filter>
    </ClCompile>
    <ClCompile Include="7569.cpp">
      <Filter>소스 파일</Filter>
    </ClCompile>
    <ClCompile Include="16928.cpp">
      <Filter>소스 파일</Filter>
    </ClCompile>
    <ClCompile Include="2206.cpp">
      <Filter>소스 파일</Filter>
    </ClCompile>
    <ClCompile Include="1707.cpp">
      <Filter>소스 파일</Filter>
    </ClCompile>
    <ClCompile Include="11724.cpp">
      <Filter>소스 파일</Filter>
    </ClCompile>
    <ClCompile Include="1753.cpp">
      <Filter>소스 파일</Filter>
    </ClCompile>
    <ClCompile Include="4963.cpp">
      <Filter>소스 파일</Filter>
    </ClCompile>
    <ClCompile Include="2468.cpp">
      <Filter>소스 파일</Filter>
    </ClCompile>
    <ClCompile Include="10987.cpp">
      <Filter>소스 파일</Filter>
    </ClCompile>
    <ClCompile Include="11725.cpp">
      <Filter>소스 파일</Filter>
    </ClCompile>
    <ClCompile Include="20551.cpp">
      <Filter>소스 파일</Filter>
    </ClCompile>
    <ClCompile Include="2644.cpp">
      <Filter>소스 파일</Filter>
    </ClCompile>
    <ClCompile Include="18352.cpp">
      <Filter>소스 파일</Filter>
    </ClCompile>
    <ClCompile Include="5567.cpp">
      <Filter>소스 파일</Filter>
    </ClCompile>
    <ClCompile Include="11060.cpp">
      <Filter>소스 파일</Filter>
    </ClCompile>
    <ClCompile Include="1325.cpp">
      <Filter>소스 파일</Filter>
    </ClCompile>
    <ClCompile Include="1303.cpp">
      <Filter>소스 파일</Filter>
    </ClCompile>
    <ClCompile Include="1058.cpp">
      <Filter>소스 파일</Filter>
    </ClCompile>
    <ClCompile Include="17086.cpp">
      <Filter>소스 파일</Filter>
    </ClCompile>
    <ClCompile Include="25372.cpp">
      <Filter>소스 파일</Filter>
    </ClCompile>
    <ClCompile Include="1926.cpp">
      <Filter>소스 파일</Filter>
    </ClCompile>
    <ClCompile Include="11403.cpp">
      <Filter>소스 파일</Filter>
    </ClCompile>
    <ClCompile Include="1743.cpp">
      <Filter>소스 파일</Filter>
    </ClCompile>
    <ClCompile Include="2583.cpp">
      <Filter>소스 파일</Filter>
    </ClCompile>
    <ClCompile Include="5598.cpp">
      <Filter>소스 파일</Filter>
    </ClCompile>
    <ClCompile Include="10026.cpp">
      <Filter>소스 파일</Filter>
    </ClCompile>
    <ClCompile Include="12852.cpp">
      <Filter>소스 파일</Filter>
    </ClCompile>
    <ClCompile Include="2754.cpp">
      <Filter>소스 파일</Filter>
    </ClCompile>
    <ClCompile Include="1100.cpp">
      <Filter>소스 파일</Filter>
    </ClCompile>
    <ClCompile Include="1032.cpp">
      <Filter>소스 파일</Filter>
    </ClCompile>
    <ClCompile Include="1212.cpp">
      <Filter>소스 파일</Filter>
    </ClCompile>
    <ClCompile Include="11655.cpp">
      <Filter>소스 파일</Filter>
    </ClCompile>
    <ClCompile Include="10798.cpp">
      <Filter>소스 파일</Filter>
    </ClCompile>
    <ClCompile Include="1373.cpp">
      <Filter>소스 파일</Filter>
    </ClCompile>
    <ClCompile Include="10610.cpp">
      <Filter>소스 파일</Filter>
    </ClCompile>
    <ClCompile Include="1652.cpp">
      <Filter>소스 파일</Filter>
    </ClCompile>
    <ClCompile Include="5988.cpp">
      <Filter>소스 파일</Filter>
    </ClCompile>
    <ClCompile Include="4458.cpp">
      <Filter>소스 파일</Filter>
    </ClCompile>
    <ClCompile Include="2495.cpp">
      <Filter>소스 파일</Filter>
    </ClCompile>
    <ClCompile Include="2789.cpp">
      <Filter>소스 파일</Filter>
    </ClCompile>
    <ClCompile Include="2857.cpp">
      <Filter>소스 파일</Filter>
    </ClCompile>
    <ClCompile Include="2745.cpp">
      <Filter>소스 파일</Filter>
    </ClCompile>
    <ClCompile Include="1225.cpp">
      <Filter>소스 파일</Filter>
    </ClCompile>
    <ClCompile Include="10822.cpp">
      <Filter>소스 파일</Filter>
    </ClCompile>
    <ClCompile Include="2711.cpp">
      <Filter>소스 파일</Filter>
    </ClCompile>
    <ClCompile Include="6996.cpp">
      <Filter>소스 파일</Filter>
    </ClCompile>
    <ClCompile Include="10821.cpp">
      <Filter>소스 파일</Filter>
    </ClCompile>
    <ClCompile Include="1159.cpp">
      <Filter>소스 파일</Filter>
    </ClCompile>
    <ClCompile Include="4999.cpp">
      <Filter>소스 파일</Filter>
    </ClCompile>
    <ClCompile Include="1371.cpp">
      <Filter>소스 파일</Filter>
    </ClCompile>
    <ClCompile Include="5524.cpp">
      <Filter>소스 파일</Filter>
    </ClCompile>
    <ClCompile Include="18406.cpp">
      <Filter>소스 파일</Filter>
    </ClCompile>
  </ItemGroup>
</Project>